
Microsoft Visual Studio Solution File, Format Version 12.00
# Visual Studio 15
VisualStudioVersion = 15.0.27703.2042
MinimumVisualStudioVersion = 10.0.40219.1
Project("{FAE04EC0-301F-11D3-BF4B-00C04F79EFBC}") = "gameLearning", "gameLearning.csproj", "{A5D168E4-AC3D-47E0-B421-2318CD2338A8}"
EndProject
Global
	GlobalSection(SolutionConfigurationPlatforms) = preSolution
		Debug|Any CPU = Debug|Any CPU
		Release|Any CPU = Release|Any CPU
	EndGlobalSection
	GlobalSection(ProjectConfigurationPlatforms) = postSolution
		{A5D168E4-AC3D-47E0-B421-2318CD2338A8}.Debug|Any CPU.ActiveCfg = Debug|Any CPU
		{A5D168E4-AC3D-47E0-B421-2318CD2338A8}.Debug|Any CPU.Build.0 = Debug|Any CPU
		{A5D168E4-AC3D-47E0-B421-2318CD2338A8}.Release|Any CPU.ActiveCfg = Release|Any CPU
		{A5D168E4-AC3D-47E0-B421-2318CD2338A8}.Release|Any CPU.Build.0 = Release|Any CPU
	EndGlobalSection
	GlobalSection(SolutionProperties) = preSolution
		HideSolutionNode = FALSE
	EndGlobalSection
	GlobalSection(ExtensibilityGlobals) = postSolution
		SolutionGuid = {AA61E5AE-B9CC-4C65-990D-E2F557409692}
	EndGlobalSection
EndGlobal
